<?xml version="1.0" encoding="utf-8"?>
<Project ToolsVersion="4.0" xmlns="http://schemas.microsoft.com/developer/msbuild/2003">
  <ItemGroup>
    <Filter Include="Math">
      <UniqueIdentifier>{4FC737F1-C7A5-4376-A066-2A32D752A2FF}</UniqueIdentifier>
      <Extensions>cpp;c;cc;cxx;def;odl;idl;hpj;bat;asm;asmx</Extensions>
    </Filter>
    <Filter Include="Renderer">
      <UniqueIdentifier>{ddb17eba-e15e-4597-8bf6-064b16b159d3}</UniqueIdentifier>
    </Filter>
    <Filter Include="Helpers">
      <UniqueIdentifier>{72056cb6-72a2-42b7-b05e-376f1ddd957e}</UniqueIdentifier>
    </Filter>
    <Filter Include="Primitives">
      <UniqueIdentifier>{a12fc693-4078-419e-bfbd-f182b8344abb}</UniqueIdentifier>
    </Filter>
    <Filter Include="Scenegraph">
      <UniqueIdentifier>{d3c55702-b833-4ef1-b2e4-d51f62217695}</UniqueIdentifier>
    </Filter>
    <Filter Include="Camera">
      <UniqueIdentifier>{6b1e7dad-d15b-4635-9797-3551f5f0c04b}</UniqueIdentifier>
    </Filter>
    <Filter Include="Lights">
      <UniqueIdentifier>{78e0f003-b20d-4002-a96c-29367b991a05}</UniqueIdentifier>
    </Filter>
    <Filter Include="Materials/Coloring">
      <UniqueIdentifier>{87ae5195-4d1b-436c-9cf2-56c569171ef2}</UniqueIdentifier>
    </Filter>
    <Filter Include="Input">
      <UniqueIdentifier>{10427ac6-7acd-4f2f-ae3d-8b357688e8e4}</UniqueIdentifier>
    </Filter>
    <Filter Include="Parser">
      <UniqueIdentifier>{1e6ff62e-704d-4df9-9eaf-faf73e12bc29}</UniqueIdentifier>
    </Filter>
    <Filter Include="Scenegraph\Scenes">
      <UniqueIdentifier>{fbebd671-c5c5-4e13-94ce-238fc4758e27}</UniqueIdentifier>
    </Filter>
  </ItemGroup>
  <ItemGroup>
    <None Include="RayTracer.props" />
  </ItemGroup>
  <ItemGroup>
    <ClInclude Include="EMath.h">
      <Filter>Math</Filter>
    </ClInclude>
    <ClInclude Include="EMathUtilities.h">
      <Filter>Math</Filter>
    </ClInclude>
    <ClInclude Include="EMatrix.h">
      <Filter>Math</Filter>
    </ClInclude>
    <ClInclude Include="EMatrix2.h">
      <Filter>Math</Filter>
    </ClInclude>
    <ClInclude Include="EMatrix3.h">
      <Filter>Math</Filter>
    </ClInclude>
    <ClInclude Include="EMatrix4.h">
      <Filter>Math</Filter>
    </ClInclude>
    <ClInclude Include="EPoint.h">
      <Filter>Math</Filter>
    </ClInclude>
    <ClInclude Include="EPoint2.h">
      <Filter>Math</Filter>
    </ClInclude>
    <ClInclude Include="EPoint3.h">
      <Filter>Math</Filter>
    </ClInclude>
    <ClInclude Include="EPoint4.h">
      <Filter>Math</Filter>
    </ClInclude>
    <ClInclude Include="EVector.h">
      <Filter>Math</Filter>
    </ClInclude>
    <ClInclude Include="EVector2.h">
      <Filter>Math</Filter>
    </ClInclude>
    <ClInclude Include="EVector3.h">
      <Filter>Math</Filter>
    </ClInclude>
    <ClInclude Include="EVector4.h">
      <Filter>Math</Filter>
    </ClInclude>
    <ClInclude Include="ERenderer.h">
      <Filter>Renderer</Filter>
    </ClInclude>
    <ClInclude Include="ERGBColor.h">
      <Filter>Helpers</Filter>
    </ClInclude>
    <ClInclude Include="ETimer.h">
      <Filter>Helpers</Filter>
    </ClInclude>
    <ClInclude Include="Structs.h">
      <Filter>Helpers</Filter>
    </ClInclude>
    <ClInclude Include="Primitive.h">
      <Filter>Primitives</Filter>
    </ClInclude>
    <ClInclude Include="Plane.h">
      <Filter>Primitives</Filter>
    </ClInclude>
    <ClInclude Include="Sphere.h">
      <Filter>Primitives</Filter>
    </ClInclude>
    <ClInclude Include="Camera.h">
      <Filter>Camera</Filter>
    </ClInclude>
    <ClInclude Include="Light.h">
      <Filter>Lights</Filter>
    </ClInclude>
    <ClInclude Include="PrimitiveManager.h">
      <Filter>Primitives</Filter>
    </ClInclude>
    <ClInclude Include="PointLight.h">
      <Filter>Lights</Filter>
    </ClInclude>
    <ClInclude Include="DirectionalLight.h">
      <Filter>Lights</Filter>
    </ClInclude>
    <ClInclude Include="LightManager.h">
      <Filter>Lights</Filter>
    </ClInclude>
    <ClInclude Include="BRDF.h">
      <Filter>Materials/Coloring</Filter>
    </ClInclude>
    <ClInclude Include="Material.h">
      <Filter>Materials/Coloring</Filter>
    </ClInclude>
    <ClInclude Include="MaterialManager.h">
      <Filter>Materials/Coloring</Filter>
    </ClInclude>
    <ClInclude Include="Material_Lambert.h">
      <Filter>Materials/Coloring</Filter>
    </ClInclude>
    <ClInclude Include="Material_LambertPhong.h">
      <Filter>Materials/Coloring</Filter>
    </ClInclude>
    <ClInclude Include="InputManager.h">
      <Filter>Input</Filter>
    </ClInclude>
    <ClInclude Include="Material_PBR.h">
      <Filter>Materials/Coloring</Filter>
    </ClInclude>
    <ClInclude Include="Triangle.h">
      <Filter>Primitives</Filter>
    </ClInclude>
    <ClInclude Include="TriangleMesh.h">
      <Filter>Primitives</Filter>
    </ClInclude>
    <ClInclude Include="ObjParser.h">
      <Filter>Parser</Filter>
    </ClInclude>
    <ClInclude Include="Scene.h">
      <Filter>Scenegraph</Filter>
    </ClInclude>
    <ClInclude Include="MainScene.h">
      <Filter>Scenegraph\Scenes</Filter>
    </ClInclude>
    <ClInclude Include="BunnyScene.h">
      <Filter>Scenegraph\Scenes</Filter>
    </ClInclude>
    <ClInclude Include="SceneManager.h">
      <Filter>Scenegraph</Filter>
    </ClInclude>
    <ClInclude Include="ColorTable.h">
      <Filter>Helpers</Filter>
    </ClInclude>
  </ItemGroup>
  <ItemGroup>
    <ClCompile Include="ERenderer.cpp">
      <Filter>Renderer</Filter>
    </ClCompile>
    <ClCompile Include="main.cpp" />
    <ClCompile Include="ETimer.cpp">
      <Filter>Helpers</Filter>
    </ClCompile>
    <ClCompile Include="Primitive.cpp">
      <Filter>Primitives</Filter>
    </ClCompile>
    <ClCompile Include="Plane.cpp">
      <Filter>Primitives</Filter>
    </ClCompile>
    <ClCompile Include="Sphere.cpp">
      <Filter>Primitives</Filter>
    </ClCompile>
    <ClCompile Include="Camera.cpp">
      <Filter>Camera</Filter>
    </ClCompile>
    <ClCompile Include="Light.cpp">
      <Filter>Lights</Filter>
    </ClCompile>
    <ClCompile Include="PointLight.cpp">
      <Filter>Lights</Filter>
    </ClCompile>
    <ClCompile Include="PrimitiveManager.cpp">
      <Filter>Primitives</Filter>
    </ClCompile>
    <ClCompile Include="DirectionalLight.cpp">
      <Filter>Lights</Filter>
    </ClCompile>
    <ClCompile Include="LightManager.cpp">
      <Filter>Lights</Filter>
    </ClCompile>
    <ClCompile Include="BRDF.cpp">
      <Filter>Materials/Coloring</Filter>
    </ClCompile>
    <ClCompile Include="Material.cpp">
      <Filter>Materials/Coloring</Filter>
    </ClCompile>
    <ClCompile Include="MaterialManager.cpp">
      <Filter>Materials/Coloring</Filter>
    </ClCompile>
    <ClCompile Include="Material_Lambert.cpp">
      <Filter>Materials/Coloring</Filter>
    </ClCompile>
    <ClCompile Include="Material_LambertPhong.cpp">
      <Filter>Materials/Coloring</Filter>
    </ClCompile>
    <ClCompile Include="InputManager.cpp">
      <Filter>Input</Filter>
    </ClCompile>
    <ClCompile Include="Material_PBR.cpp">
      <Filter>Materials/Coloring</Filter>
    </ClCompile>
    <ClCompile Include="Triangle.cpp">
      <Filter>Primitives</Filter>
    </ClCompile>
    <ClCompile Include="TriangleMesh.cpp">
      <Filter>Primitives</Filter>
    </ClCompile>
    <ClCompile Include="ObjParser.cpp">
      <Filter>Parser</Filter>
    </ClCompile>
    <ClCompile Include="Scene.cpp">
      <Filter>Scenegraph</Filter>
    </ClCompile>
    <ClCompile Include="MainScene.cpp">
      <Filter>Scenegraph\Scenes</Filter>
    </ClCompile>
    <ClCompile Include="BunnyScene.cpp">
      <Filter>Scenegraph\Scenes</Filter>
    </ClCompile>
    <ClCompile Include="SceneManager.cpp">
      <Filter>Scenegraph</Filter>
    </ClCompile>
  </ItemGroup>
</Project>